
Microsoft Visual Studio Solution File, Format Version 12.00
# Visual Studio Version 16
VisualStudioVersion = 16.0.29009.5
MinimumVisualStudioVersion = 10.0.40219.1
Project("{2150E333-8FDC-42A3-9474-1A3956D46DE8}") = "1-App", "1-App", "{1172D605-A9D5-4DEE-AD0A-674FC5D19723}"
EndProject
Project("{2150E333-8FDC-42A3-9474-1A3956D46DE8}") = "2-Business", "2-Business", "{C4005A9F-B5C3-40CD-BB05-3099D420D8B5}"
EndProject
Project("{2150E333-8FDC-42A3-9474-1A3956D46DE8}") = "3-Data", "3-Data", "{A66FFF6B-0C14-4D9F-B76B-FA6DFB7E4F20}"
EndProject
Project("{9A19103F-16F7-4668-BE54-9A1E7A4F7556}") = "Bio.Business", "src\Bio.Business\Bio.Business.csproj", "{40776F5D-AF65-4437-9B41-5B46EA6F6A3B}"
EndProject
Project("{FAE04EC0-301F-11D3-BF4B-00C04F79EFBC}") = "Bio.Data", "src\Bio.Data\Bio.Data.csproj", "{9E0D62F8-BD6C-4A04-AE4F-210070D6D096}"
EndProject
Project("{FAE04EC0-301F-11D3-BF4B-00C04F79EFBC}") = "Bio.App", "src\Bio.App\Bio.App.csproj", "{B6FD66BA-B659-4410-BDEB-44E2BC2361B0}"
EndProject
Global
	GlobalSection(SolutionConfigurationPlatforms) = preSolution
		Debug|Any CPU = Debug|Any CPU
		Release|Any CPU = Release|Any CPU
	EndGlobalSection
	GlobalSection(ProjectConfigurationPlatforms) = postSolution
		{40776F5D-AF65-4437-9B41-5B46EA6F6A3B}.Debug|Any CPU.ActiveCfg = Debug|Any CPU
		{40776F5D-AF65-4437-9B41-5B46EA6F6A3B}.Debug|Any CPU.Build.0 = Debug|Any CPU
		{40776F5D-AF65-4437-9B41-5B46EA6F6A3B}.Release|Any CPU.ActiveCfg = Release|Any CPU
		{40776F5D-AF65-4437-9B41-5B46EA6F6A3B}.Release|Any CPU.Build.0 = Release|Any CPU
		{9E0D62F8-BD6C-4A04-AE4F-210070D6D096}.Debug|Any CPU.ActiveCfg = Debug|Any CPU
		{9E0D62F8-BD6C-4A04-AE4F-210070D6D096}.Debug|Any CPU.Build.0 = Debug|Any CPU
		{9E0D62F8-BD6C-4A04-AE4F-210070D6D096}.Release|Any CPU.ActiveCfg = Release|Any CPU
		{9E0D62F8-BD6C-4A04-AE4F-210070D6D096}.Release|Any CPU.Build.0 = Release|Any CPU
		{B6FD66BA-B659-4410-BDEB-44E2BC2361B0}.Debug|Any CPU.ActiveCfg = Debug|Any CPU
		{B6FD66BA-B659-4410-BDEB-44E2BC2361B0}.Debug|Any CPU.Build.0 = Debug|Any CPU
		{B6FD66BA-B659-4410-BDEB-44E2BC2361B0}.Release|Any CPU.ActiveCfg = Release|Any CPU
		{B6FD66BA-B659-4410-BDEB-44E2BC2361B0}.Release|Any CPU.Build.0 = Release|Any CPU
	EndGlobalSection
	GlobalSection(SolutionProperties) = preSolution
		HideSolutionNode = FALSE
	EndGlobalSection
	GlobalSection(NestedProjects) = preSolution
		{40776F5D-AF65-4437-9B41-5B46EA6F6A3B} = {C4005A9F-B5C3-40CD-BB05-3099D420D8B5}
		{9E0D62F8-BD6C-4A04-AE4F-210070D6D096} = {A66FFF6B-0C14-4D9F-B76B-FA6DFB7E4F20}
		{B6FD66BA-B659-4410-BDEB-44E2BC2361B0} = {1172D605-A9D5-4DEE-AD0A-674FC5D19723}
	EndGlobalSection
	GlobalSection(ExtensibilityGlobals) = postSolution
		SolutionGuid = {7457B770-EF41-480A-982A-42DA5D5C4A9F}
	EndGlobalSection
EndGlobal
